
Microsoft Visual Studio Solution File, Format Version 12.00
# Visual Studio Version 16
VisualStudioVersion = 16.0.31129.286
MinimumVisualStudioVersion = 10.0.40219.1
Project("{FAE04EC0-301F-11D3-BF4B-00C04F79EFBC}") = "MyTest", "MyTest\MyTest.csproj", "{86505704-E34A-4950-8C2E-110682DD6392}"
EndProject
Global
	GlobalSection(SolutionConfigurationPlatforms) = preSolution
		Debug|Any CPU = Debug|Any CPU
		Release|Any CPU = Release|Any CPU
	EndGlobalSection
	GlobalSection(ProjectConfigurationPlatforms) = postSolution
		{86505704-E34A-4950-8C2E-110682DD6392}.Debug|Any CPU.ActiveCfg = Debug|Any CPU
		{86505704-E34A-4950-8C2E-110682DD6392}.Debug|Any CPU.Build.0 = Debug|Any CPU
		{86505704-E34A-4950-8C2E-110682DD6392}.Release|Any CPU.ActiveCfg = Release|Any CPU
		{86505704-E34A-4950-8C2E-110682DD6392}.Release|Any CPU.Build.0 = Release|Any CPU
	EndGlobalSection
	GlobalSection(SolutionProperties) = preSolution
		HideSolutionNode = FALSE
	EndGlobalSection
	GlobalSection(ExtensibilityGlobals) = postSolution
		SolutionGuid = {12DBA3F3-99AF-42FE-91C8-4E5AF6C7C75F}
	EndGlobalSection
EndGlobal
